
Microsoft Visual Studio Solution File, Format Version 12.00
# Visual Studio Version 16
VisualStudioVersion = 16.0.31613.86
MinimumVisualStudioVersion = 10.0.40219.1
Project("{2150E333-8FDC-42A3-9474-1A3956D46DE8}") = "src", "src", "{21ACD9C2-5A42-4120-94D9-FC98BCE24758}"
EndProject
Project("{2150E333-8FDC-42A3-9474-1A3956D46DE8}") = "4.Application", "4.Application", "{9B98B330-11F8-4560-A521-590FFAC45A08}"
EndProject
Project("{2150E333-8FDC-42A3-9474-1A3956D46DE8}") = "3.Service", "3.Service", "{E8A8F1F6-C872-4E79-BFE2-E2531DB35765}"
EndProject
Project("{2150E333-8FDC-42A3-9474-1A3956D46DE8}") = "2.Repository", "2.Repository", "{AFF84214-105F-430E-BE71-7D6DAA346838}"
EndProject
Project("{2150E333-8FDC-42A3-9474-1A3956D46DE8}") = "1.Common", "1.Common", "{9356756F-BDEC-4B21-9E8D-48A0A3620A26}"
EndProject
Project("{9A19103F-16F7-4668-BE54-9A1E7A4F7556}") = "BusPass.Api", "src\Application\BusPass.Api\BusPass.Api.csproj", "{4784F503-267F-4A53-8D7E-C6AE1999AC04}"
EndProject
Project("{9A19103F-16F7-4668-BE54-9A1E7A4F7556}") = "BusPass.Service", "src\Service\BusPass.Service\BusPass.Service.csproj", "{0368178D-9C5A-40CF-9AA1-704CF0D3C623}"
EndProject
Project("{9A19103F-16F7-4668-BE54-9A1E7A4F7556}") = "BusPass.Repository", "src\Repository\BusPass.Repository\BusPass.Repository.csproj", "{AAC45005-99BE-4629-9BD5-E663E1C6C1E6}"
EndProject
Project("{9A19103F-16F7-4668-BE54-9A1E7A4F7556}") = "BusPass.Common", "src\Common\BusPass.Common\BusPass.Common.csproj", "{249E301B-68B8-4A78-9814-FEFB23C13EE6}"
EndProject
Project("{2150E333-8FDC-42A3-9474-1A3956D46DE8}") = "doc", "doc", "{223C617C-8F0F-44E6-8E4B-994600DA009D}"
	ProjectSection(SolutionItems) = preProject
		doc\api_design.md = doc\api_design.md
		docker.txt = docker.txt
	EndProjectSection
EndProject
Project("{9A19103F-16F7-4668-BE54-9A1E7A4F7556}") = "BusPass.Scheduler", "src\Application\BusPass.Scheduler\BusPass.Scheduler.csproj", "{086A4BD3-C96F-493A-BC78-E57E1572B05C}"
EndProject
Global
	GlobalSection(SolutionConfigurationPlatforms) = preSolution
		Debug|Any CPU = Debug|Any CPU
		Release|Any CPU = Release|Any CPU
	EndGlobalSection
	GlobalSection(ProjectConfigurationPlatforms) = postSolution
		{4784F503-267F-4A53-8D7E-C6AE1999AC04}.Debug|Any CPU.ActiveCfg = Debug|Any CPU
		{4784F503-267F-4A53-8D7E-C6AE1999AC04}.Debug|Any CPU.Build.0 = Debug|Any CPU
		{4784F503-267F-4A53-8D7E-C6AE1999AC04}.Release|Any CPU.ActiveCfg = Release|Any CPU
		{4784F503-267F-4A53-8D7E-C6AE1999AC04}.Release|Any CPU.Build.0 = Release|Any CPU
		{0368178D-9C5A-40CF-9AA1-704CF0D3C623}.Debug|Any CPU.ActiveCfg = Debug|Any CPU
		{0368178D-9C5A-40CF-9AA1-704CF0D3C623}.Debug|Any CPU.Build.0 = Debug|Any CPU
		{0368178D-9C5A-40CF-9AA1-704CF0D3C623}.Release|Any CPU.ActiveCfg = Release|Any CPU
		{0368178D-9C5A-40CF-9AA1-704CF0D3C623}.Release|Any CPU.Build.0 = Release|Any CPU
		{AAC45005-99BE-4629-9BD5-E663E1C6C1E6}.Debug|Any CPU.ActiveCfg = Debug|Any CPU
		{AAC45005-99BE-4629-9BD5-E663E1C6C1E6}.Debug|Any CPU.Build.0 = Debug|Any CPU
		{AAC45005-99BE-4629-9BD5-E663E1C6C1E6}.Release|Any CPU.ActiveCfg = Release|Any CPU
		{AAC45005-99BE-4629-9BD5-E663E1C6C1E6}.Release|Any CPU.Build.0 = Release|Any CPU
		{249E301B-68B8-4A78-9814-FEFB23C13EE6}.Debug|Any CPU.ActiveCfg = Debug|Any CPU
		{249E301B-68B8-4A78-9814-FEFB23C13EE6}.Debug|Any CPU.Build.0 = Debug|Any CPU
		{249E301B-68B8-4A78-9814-FEFB23C13EE6}.Release|Any CPU.ActiveCfg = Release|Any CPU
		{249E301B-68B8-4A78-9814-FEFB23C13EE6}.Release|Any CPU.Build.0 = Release|Any CPU
		{086A4BD3-C96F-493A-BC78-E57E1572B05C}.Debug|Any CPU.ActiveCfg = Debug|Any CPU
		{086A4BD3-C96F-493A-BC78-E57E1572B05C}.Debug|Any CPU.Build.0 = Debug|Any CPU
		{086A4BD3-C96F-493A-BC78-E57E1572B05C}.Release|Any CPU.ActiveCfg = Release|Any CPU
		{086A4BD3-C96F-493A-BC78-E57E1572B05C}.Release|Any CPU.Build.0 = Release|Any CPU
	EndGlobalSection
	GlobalSection(SolutionProperties) = preSolution
		HideSolutionNode = FALSE
	EndGlobalSection
	GlobalSection(NestedProjects) = preSolution
		{9B98B330-11F8-4560-A521-590FFAC45A08} = {21ACD9C2-5A42-4120-94D9-FC98BCE24758}
		{E8A8F1F6-C872-4E79-BFE2-E2531DB35765} = {21ACD9C2-5A42-4120-94D9-FC98BCE24758}
		{AFF84214-105F-430E-BE71-7D6DAA346838} = {21ACD9C2-5A42-4120-94D9-FC98BCE24758}
		{9356756F-BDEC-4B21-9E8D-48A0A3620A26} = {21ACD9C2-5A42-4120-94D9-FC98BCE24758}
		{4784F503-267F-4A53-8D7E-C6AE1999AC04} = {9B98B330-11F8-4560-A521-590FFAC45A08}
		{0368178D-9C5A-40CF-9AA1-704CF0D3C623} = {E8A8F1F6-C872-4E79-BFE2-E2531DB35765}
		{AAC45005-99BE-4629-9BD5-E663E1C6C1E6} = {AFF84214-105F-430E-BE71-7D6DAA346838}
		{249E301B-68B8-4A78-9814-FEFB23C13EE6} = {9356756F-BDEC-4B21-9E8D-48A0A3620A26}
		{086A4BD3-C96F-493A-BC78-E57E1572B05C} = {9B98B330-11F8-4560-A521-590FFAC45A08}
	EndGlobalSection
	GlobalSection(ExtensibilityGlobals) = postSolution
		SolutionGuid = {6809C63E-C242-45C0-8A1F-FD2B812936DA}
	EndGlobalSection
EndGlobal
